// !$*UTF8*$!
{
	archiveVersion = 1;
	classes = {
	};
	objectVersion = 47;
	objects = {

/* Begin PBXBuildFile section */
		DD1C584E1B16981D00188B28 /* AppDelegate.swift in Sources */ = {isa = PBXBuildFile; fileRef = DD1C584D1B16981D00188B28 /* AppDelegate.swift */; };
		DD1C58501B16981D00188B28 /* ViewController.swift in Sources */ = {isa = PBXBuildFile; fileRef = DD1C584F1B16981D00188B28 /* ViewController.swift */; };
		DD1C58531B16981D00188B28 /* Main.storyboard in Resources */ = {isa = PBXBuildFile; fileRef = DD1C58511B16981D00188B28 /* Main.storyboard */; };
		DD1C58551B16981D00188B28 /* Images.xcassets in Resources */ = {isa = PBXBuildFile; fileRef = DD1C58541B16981D00188B28 /* Images.xcassets */; };
		DD1C58581B16981D00188B28 /* LaunchScreen.xib in Resources */ = {isa = PBXBuildFile; fileRef = DD1C58561B16981D00188B28 /* LaunchScreen.xib */; };
		DD1C58641B16981E00188B28 /* TippyTests.swift in Sources */ = {isa = PBXBuildFile; fileRef = DD1C58631B16981E00188B28 /* TippyTests.swift */; };
		DD1C586E1B16995000188B28 /* TipoutViewModel.swift in Sources */ = {isa = PBXBuildFile; fileRef = DD1C586D1B16995000188B28 /* TipoutViewModel.swift */; };
		DD54AA771BB0DB3300AFFA68 /* ViewModelable.swift in Sources */ = {isa = PBXBuildFile; fileRef = DD54AA761BB0DB3300AFFA68 /* ViewModelable.swift */; settings = {ASSET_TAGS = (); }; };
		DD67BD6C1B6861E4000EADD5 /* WorkerViewModel.swift in Sources */ = {isa = PBXBuildFile; fileRef = DD67BD6B1B6861E4000EADD5 /* WorkerViewModel.swift */; };
		DD67BD701B697E2E000EADD5 /* TableViewCell.xib in Resources */ = {isa = PBXBuildFile; fileRef = DD67BD6E1B697E2E000EADD5 /* TableViewCell.xib */; };
		DD6CB2F71B5C45040097BB76 /* TipoutView.swift in Sources */ = {isa = PBXBuildFile; fileRef = DD6CB2F61B5C45040097BB76 /* TipoutView.swift */; };
		DD7CBA321B598DC8003B718D /* ReactiveCocoa.framework in Embed Frameworks */ = {isa = PBXBuildFile; fileRef = DD7CBA2D1B598C5F003B718D /* ReactiveCocoa.framework */; settings = {ATTRIBUTES = (CodeSignOnCopy, RemoveHeadersOnCopy, ); }; };
		DD7CBA341B598DC8003B718D /* Tipout.framework in Embed Frameworks */ = {isa = PBXBuildFile; fileRef = DD7CBA2E1B598C5F003B718D /* Tipout.framework */; settings = {ATTRIBUTES = (CodeSignOnCopy, RemoveHeadersOnCopy, ); }; };
		DD7CBA351B598DDE003B718D /* ReactiveCocoa.framework in Frameworks */ = {isa = PBXBuildFile; fileRef = DD7CBA2D1B598C5F003B718D /* ReactiveCocoa.framework */; };
		DD7CBA361B598DDE003B718D /* Tipout.framework in Frameworks */ = {isa = PBXBuildFile; fileRef = DD7CBA2E1B598C5F003B718D /* Tipout.framework */; };
		DD7CBA381B599444003B718D /* TipoutView.xib in Resources */ = {isa = PBXBuildFile; fileRef = DD7CBA371B599444003B718D /* TipoutView.xib */; };
		DD80142A1B16A15F007A673F /* RAC.swift in Sources */ = {isa = PBXBuildFile; fileRef = DD8014261B16A15F007A673F /* RAC.swift */; };
		DD80142B1B16A15F007A673F /* RACObserve.swift in Sources */ = {isa = PBXBuildFile; fileRef = DD8014271B16A15F007A673F /* RACObserve.swift */; };
		DD80142C1B16A15F007A673F /* RACSignal+Extensions.swift in Sources */ = {isa = PBXBuildFile; fileRef = DD8014281B16A15F007A673F /* RACSignal+Extensions.swift */; };
		DD80142D1B16A15F007A673F /* TableViewBindingHelper.swift in Sources */ = {isa = PBXBuildFile; fileRef = DD8014291B16A15F007A673F /* TableViewBindingHelper.swift */; };
		DD90A9961B605F0C00EE0BB6 /* TipoutView+RAC.swift in Sources */ = {isa = PBXBuildFile; fileRef = DD90A9951B605F0C00EE0BB6 /* TipoutView+RAC.swift */; };
		DDC16F9A1BB0C29000AC9583 /* TableViewCell.swift in Sources */ = {isa = PBXBuildFile; fileRef = DD67BD6D1B697E2E000EADD5 /* TableViewCell.swift */; };
		DDDAE7461B6BDE0B008D2140 /* WorkerTableViewController.swift in Sources */ = {isa = PBXBuildFile; fileRef = DDDAE7451B6BDE0B008D2140 /* WorkerTableViewController.swift */; };
		DDE21BB61B4E15BE002D5859 /* Controller.swift in Sources */ = {isa = PBXBuildFile; fileRef = DDE21BB51B4E15BE002D5859 /* Controller.swift */; };
		DDECA8EF1BA614D400D45446 /* Helpers.swift in Sources */ = {isa = PBXBuildFile; fileRef = DDECA8EE1BA614D400D45446 /* Helpers.swift */; settings = {ASSET_TAGS = (); }; };
/* End PBXBuildFile section */

/* Begin PBXContainerItemProxy section */
		DD1C585E1B16981E00188B28 /* PBXContainerItemProxy */ = {
			isa = PBXContainerItemProxy;
			containerPortal = DD1C58401B16981D00188B28 /* Project object */;
			proxyType = 1;
			remoteGlobalIDString = DD1C58471B16981D00188B28;
			remoteInfo = Tippy;
		};
/* End PBXContainerItemProxy section */

/* Begin PBXCopyFilesBuildPhase section */
		DD7CBA1A1B598B4A003B718D /* Embed Frameworks */ = {
			isa = PBXCopyFilesBuildPhase;
			buildActionMask = 2147483647;
			dstPath = "";
			dstSubfolderSpec = 10;
			files = (
				DD7CBA321B598DC8003B718D /* ReactiveCocoa.framework in Embed Frameworks */,
				DD7CBA341B598DC8003B718D /* Tipout.framework in Embed Frameworks */,
			);
			name = "Embed Frameworks";
			runOnlyForDeploymentPostprocessing = 0;
		};
/* End PBXCopyFilesBuildPhase section */

/* Begin PBXFileReference section */
		DD06BD5B1B5EE456003EE508 /* SnapKit.framework */ = {isa = PBXFileReference; lastKnownFileType = wrapper.framework; name = SnapKit.framework; path = Carthage/Build/iOS/SnapKit.framework; sourceTree = "<group>"; };
		DD1A48031B28FE7D003FA9DB /* Cartfile */ = {isa = PBXFileReference; lastKnownFileType = text; path = Cartfile; sourceTree = "<group>"; xcLanguageSpecificationIdentifier = xcode.lang.ruby; };
		DD1A48041B29D456003FA9DB /* Podfile */ = {isa = PBXFileReference; lastKnownFileType = text; path = Podfile; sourceTree = "<group>"; xcLanguageSpecificationIdentifier = xcode.lang.ruby; };
		DD1C58481B16981D00188B28 /* Tippy.app */ = {isa = PBXFileReference; explicitFileType = wrapper.application; includeInIndex = 0; path = Tippy.app; sourceTree = BUILT_PRODUCTS_DIR; };
		DD1C584C1B16981D00188B28 /* Info.plist */ = {isa = PBXFileReference; lastKnownFileType = text.plist.xml; path = Info.plist; sourceTree = "<group>"; };
		DD1C584D1B16981D00188B28 /* AppDelegate.swift */ = {isa = PBXFileReference; lastKnownFileType = sourcecode.swift; path = AppDelegate.swift; sourceTree = "<group>"; };
		DD1C584F1B16981D00188B28 /* ViewController.swift */ = {isa = PBXFileReference; lastKnownFileType = sourcecode.swift; path = ViewController.swift; sourceTree = "<group>"; };
		DD1C58521B16981D00188B28 /* Base */ = {isa = PBXFileReference; lastKnownFileType = file.storyboard; name = Base; path = Base.lproj/Main.storyboard; sourceTree = "<group>"; };
		DD1C58541B16981D00188B28 /* Images.xcassets */ = {isa = PBXFileReference; lastKnownFileType = folder.assetcatalog; path = Images.xcassets; sourceTree = "<group>"; };
		DD1C58571B16981D00188B28 /* Base */ = {isa = PBXFileReference; lastKnownFileType = file.xib; name = Base; path = Base.lproj/LaunchScreen.xib; sourceTree = "<group>"; };
		DD1C585D1B16981E00188B28 /* TippyTests.xctest */ = {isa = PBXFileReference; explicitFileType = wrapper.cfbundle; includeInIndex = 0; path = TippyTests.xctest; sourceTree = BUILT_PRODUCTS_DIR; };
		DD1C58621B16981E00188B28 /* Info.plist */ = {isa = PBXFileReference; lastKnownFileType = text.plist.xml; path = Info.plist; sourceTree = "<group>"; };
		DD1C58631B16981E00188B28 /* TippyTests.swift */ = {isa = PBXFileReference; lastKnownFileType = sourcecode.swift; path = TippyTests.swift; sourceTree = "<group>"; };
		DD1C586D1B16995000188B28 /* TipoutViewModel.swift */ = {isa = PBXFileReference; fileEncoding = 4; lastKnownFileType = sourcecode.swift; path = TipoutViewModel.swift; sourceTree = "<group>"; };
		DD309D221B5F081C000EE80B /* Scratchpad.playground */ = {isa = PBXFileReference; lastKnownFileType = file.playground; path = Scratchpad.playground; sourceTree = "<group>"; };
		DD54AA761BB0DB3300AFFA68 /* ViewModelable.swift */ = {isa = PBXFileReference; fileEncoding = 4; lastKnownFileType = sourcecode.swift; path = ViewModelable.swift; sourceTree = "<group>"; };
		DD67BD6B1B6861E4000EADD5 /* WorkerViewModel.swift */ = {isa = PBXFileReference; fileEncoding = 4; lastKnownFileType = sourcecode.swift; path = WorkerViewModel.swift; sourceTree = "<group>"; };
		DD67BD6D1B697E2E000EADD5 /* TableViewCell.swift */ = {isa = PBXFileReference; fileEncoding = 4; lastKnownFileType = sourcecode.swift; path = TableViewCell.swift; sourceTree = "<group>"; };
		DD67BD6E1B697E2E000EADD5 /* TableViewCell.xib */ = {isa = PBXFileReference; fileEncoding = 4; lastKnownFileType = file.xib; path = TableViewCell.xib; sourceTree = "<group>"; };
		DD6CB2F61B5C45040097BB76 /* TipoutView.swift */ = {isa = PBXFileReference; fileEncoding = 4; lastKnownFileType = sourcecode.swift; path = TipoutView.swift; sourceTree = "<group>"; };
		DD7CBA2D1B598C5F003B718D /* ReactiveCocoa.framework */ = {isa = PBXFileReference; lastKnownFileType = wrapper.framework; name = ReactiveCocoa.framework; path = Carthage/Build/iOS/ReactiveCocoa.framework; sourceTree = "<group>"; };
		DD7CBA2E1B598C5F003B718D /* Tipout.framework */ = {isa = PBXFileReference; lastKnownFileType = wrapper.framework; name = Tipout.framework; path = Carthage/Build/iOS/Tipout.framework; sourceTree = "<group>"; };
		DD7CBA371B599444003B718D /* TipoutView.xib */ = {isa = PBXFileReference; fileEncoding = 4; lastKnownFileType = file.xib; path = TipoutView.xib; sourceTree = "<group>"; };
		DD8014261B16A15F007A673F /* RAC.swift */ = {isa = PBXFileReference; fileEncoding = 4; lastKnownFileType = sourcecode.swift; path = RAC.swift; sourceTree = "<group>"; };
		DD8014271B16A15F007A673F /* RACObserve.swift */ = {isa = PBXFileReference; fileEncoding = 4; lastKnownFileType = sourcecode.swift; path = RACObserve.swift; sourceTree = "<group>"; };
		DD8014281B16A15F007A673F /* RACSignal+Extensions.swift */ = {isa = PBXFileReference; fileEncoding = 4; lastKnownFileType = sourcecode.swift; path = "RACSignal+Extensions.swift"; sourceTree = "<group>"; };
		DD8014291B16A15F007A673F /* TableViewBindingHelper.swift */ = {isa = PBXFileReference; fileEncoding = 4; lastKnownFileType = sourcecode.swift; path = TableViewBindingHelper.swift; sourceTree = "<group>"; };
		DD80142E1B16A1F3007A673F /* bridgingHeader.h */ = {isa = PBXFileReference; lastKnownFileType = sourcecode.c.h; path = bridgingHeader.h; sourceTree = "<group>"; };
		DD90A9951B605F0C00EE0BB6 /* TipoutView+RAC.swift */ = {isa = PBXFileReference; fileEncoding = 4; lastKnownFileType = sourcecode.swift; path = "TipoutView+RAC.swift"; sourceTree = "<group>"; };
		DDDAE7451B6BDE0B008D2140 /* WorkerTableViewController.swift */ = {isa = PBXFileReference; fileEncoding = 4; lastKnownFileType = sourcecode.swift; path = WorkerTableViewController.swift; sourceTree = "<group>"; };
		DDE21BB51B4E15BE002D5859 /* Controller.swift */ = {isa = PBXFileReference; fileEncoding = 4; lastKnownFileType = sourcecode.swift; path = Controller.swift; sourceTree = "<group>"; };
		DDECA8EE1BA614D400D45446 /* Helpers.swift */ = {isa = PBXFileReference; fileEncoding = 4; lastKnownFileType = sourcecode.swift; path = Helpers.swift; sourceTree = "<group>"; };
/* End PBXFileReference section */

/* Begin PBXFrameworksBuildPhase section */
		DD1C58451B16981D00188B28 /* Frameworks */ = {
			isa = PBXFrameworksBuildPhase;
			buildActionMask = 2147483647;
			files = (
				DD7CBA351B598DDE003B718D /* ReactiveCocoa.framework in Frameworks */,
				DD7CBA361B598DDE003B718D /* Tipout.framework in Frameworks */,
			);
			runOnlyForDeploymentPostprocessing = 0;
		};
		DD1C585A1B16981E00188B28 /* Frameworks */ = {
			isa = PBXFrameworksBuildPhase;
			buildActionMask = 2147483647;
			files = (
			);
			runOnlyForDeploymentPostprocessing = 0;
		};
/* End PBXFrameworksBuildPhase section */

/* Begin PBXGroup section */
		37DFF81F10D79D1C2B13583D /* Frameworks */ = {
			isa = PBXGroup;
			children = (
				DD06BD5B1B5EE456003EE508 /* SnapKit.framework */,
				DD7CBA2D1B598C5F003B718D /* ReactiveCocoa.framework */,
				DD7CBA2E1B598C5F003B718D /* Tipout.framework */,
			);
			name = Frameworks;
			sourceTree = "<group>";
		};
		DD1C583F1B16981D00188B28 = {
			isa = PBXGroup;
			children = (
				DD309D221B5F081C000EE80B /* Scratchpad.playground */,
				DD1A48031B28FE7D003FA9DB /* Cartfile */,
				DD1A48041B29D456003FA9DB /* Podfile */,
				DD80142E1B16A1F3007A673F /* bridgingHeader.h */,
				DD1C584A1B16981D00188B28 /* Tippy */,
				DD1C58601B16981E00188B28 /* TippyTests */,
				DD1C58491B16981D00188B28 /* Products */,
				37DFF81F10D79D1C2B13583D /* Frameworks */,
			);
			sourceTree = "<group>";
		};
		DD1C58491B16981D00188B28 /* Products */ = {
			isa = PBXGroup;
			children = (
				DD1C58481B16981D00188B28 /* Tippy.app */,
				DD1C585D1B16981E00188B28 /* TippyTests.xctest */,
			);
			name = Products;
			sourceTree = "<group>";
		};
		DD1C584A1B16981D00188B28 /* Tippy */ = {
			isa = PBXGroup;
			children = (
				DDECA8EE1BA614D400D45446 /* Helpers.swift */,
				DD1C584D1B16981D00188B28 /* AppDelegate.swift */,
				DD6CB2F51B5C3FA10097BB76 /* View */,
				DDECA8EA1BA32E5B00D45446 /* ViewModel */,
				DDECA8ED1BA371BC00D45446 /* Controler */,
				DD1C58541B16981D00188B28 /* Images.xcassets */,
				DD1C58561B16981D00188B28 /* LaunchScreen.xib */,
				DD9B6F4B1B2F5A1200E5E96B /* Third-Party */,
				DD1C584B1B16981D00188B28 /* Supporting Files */,
			);
			path = Tippy;
			sourceTree = "<group>";
		};
		DD1C584B1B16981D00188B28 /* Supporting Files */ = {
			isa = PBXGroup;
			children = (
				DD1C584C1B16981D00188B28 /* Info.plist */,
			);
			name = "Supporting Files";
			sourceTree = "<group>";
		};
		DD1C58601B16981E00188B28 /* TippyTests */ = {
			isa = PBXGroup;
			children = (
				DD1C58631B16981E00188B28 /* TippyTests.swift */,
				DD1C58611B16981E00188B28 /* Supporting Files */,
			);
			path = TippyTests;
			sourceTree = "<group>";
		};
		DD1C58611B16981E00188B28 /* Supporting Files */ = {
			isa = PBXGroup;
			children = (
				DD1C58621B16981E00188B28 /* Info.plist */,
			);
			name = "Supporting Files";
			sourceTree = "<group>";
		};
		DD6CB2F51B5C3FA10097BB76 /* View */ = {
			isa = PBXGroup;
			children = (
				DDDAE7451B6BDE0B008D2140 /* WorkerTableViewController.swift */,
				DD1C584F1B16981D00188B28 /* ViewController.swift */,
				DD1C58511B16981D00188B28 /* Main.storyboard */,
				DD7CBA371B599444003B718D /* TipoutView.xib */,
				DD6CB2F61B5C45040097BB76 /* TipoutView.swift */,
				DD90A9951B605F0C00EE0BB6 /* TipoutView+RAC.swift */,
				DD67BD6D1B697E2E000EADD5 /* TableViewCell.swift */,
				DD67BD6E1B697E2E000EADD5 /* TableViewCell.xib */,
				DD54AA761BB0DB3300AFFA68 /* ViewModelable.swift */,
			);
			name = View;
			sourceTree = "<group>";
		};
		DD9B6F4B1B2F5A1200E5E96B /* Third-Party */ = {
			isa = PBXGroup;
			children = (
				DD8014261B16A15F007A673F /* RAC.swift */,
				DD8014271B16A15F007A673F /* RACObserve.swift */,
				DD8014281B16A15F007A673F /* RACSignal+Extensions.swift */,
				DD8014291B16A15F007A673F /* TableViewBindingHelper.swift */,
			);
			name = "Third-Party";
			sourceTree = "<group>";
		};
		DDECA8EA1BA32E5B00D45446 /* ViewModel */ = {
			isa = PBXGroup;
			children = (
				DD1C586D1B16995000188B28 /* TipoutViewModel.swift */,
				DD67BD6B1B6861E4000EADD5 /* WorkerViewModel.swift */,
			);
			name = ViewModel;
			sourceTree = "<group>";
		};
		DDECA8ED1BA371BC00D45446 /* Controler */ = {
			isa = PBXGroup;
			children = (
				DDE21BB51B4E15BE002D5859 /* Controller.swift */,
			);
			name = Controler;
			sourceTree = "<group>";
		};
/* End PBXGroup section */

/* Begin PBXNativeTarget section */
		DD1C58471B16981D00188B28 /* Tippy */ = {
			isa = PBXNativeTarget;
			buildConfigurationList = DD1C58671B16981E00188B28 /* Build configuration list for PBXNativeTarget "Tippy" */;
			buildPhases = (
				DD1C58441B16981D00188B28 /* Sources */,
				DD1C58451B16981D00188B28 /* Frameworks */,
				DD1C58461B16981D00188B28 /* Resources */,
				DD7CBA0F1B585174003B718D /* ShellScript */,
				DD7CBA1A1B598B4A003B718D /* Embed Frameworks */,
			);
			buildRules = (
			);
			dependencies = (
			);
			name = Tippy;
			productName = Tippy;
			productReference = DD1C58481B16981D00188B28 /* Tippy.app */;
			productType = "com.apple.product-type.application";
		};
		DD1C585C1B16981E00188B28 /* TippyTests */ = {
			isa = PBXNativeTarget;
			buildConfigurationList = DD1C586A1B16981E00188B28 /* Build configuration list for PBXNativeTarget "TippyTests" */;
			buildPhases = (
				DD1C58591B16981E00188B28 /* Sources */,
				DD1C585A1B16981E00188B28 /* Frameworks */,
				DD1C585B1B16981E00188B28 /* Resources */,
			);
			buildRules = (
			);
			dependencies = (
				DD1C585F1B16981E00188B28 /* PBXTargetDependency */,
			);
			name = TippyTests;
			productName = TippyTests;
			productReference = DD1C585D1B16981E00188B28 /* TippyTests.xctest */;
			productType = "com.apple.product-type.bundle.unit-test";
		};
/* End PBXNativeTarget section */

/* Begin PBXProject section */
		DD1C58401B16981D00188B28 /* Project object */ = {
			isa = PBXProject;
			attributes = {
				LastSwiftMigration = 0700;
				LastSwiftUpdateCheck = 0700;
				LastUpgradeCheck = 0700;
				ORGANIZATIONNAME = "James Pamplona";
				TargetAttributes = {
					DD1C58471B16981D00188B28 = {
						CreatedOnToolsVersion = 6.3.2;
					};
					DD1C585C1B16981E00188B28 = {
						CreatedOnToolsVersion = 6.3.2;
						TestTargetID = DD1C58471B16981D00188B28;
					};
				};
			};
			buildConfigurationList = DD1C58431B16981D00188B28 /* Build configuration list for PBXProject "Tippy" */;
			compatibilityVersion = "Xcode 6.3";
			developmentRegion = English;
			hasScannedForEncodings = 0;
			knownRegions = (
				en,
				Base,
			);
			mainGroup = DD1C583F1B16981D00188B28;
			productRefGroup = DD1C58491B16981D00188B28 /* Products */;
			projectDirPath = "";
			projectRoot = "";
			targets = (
				DD1C58471B16981D00188B28 /* Tippy */,
				DD1C585C1B16981E00188B28 /* TippyTests */,
			);
		};
/* End PBXProject section */

/* Begin PBXResourcesBuildPhase section */
		DD1C58461B16981D00188B28 /* Resources */ = {
			isa = PBXResourcesBuildPhase;
			buildActionMask = 2147483647;
			files = (
				DD1C58531B16981D00188B28 /* Main.storyboard in Resources */,
				DD67BD701B697E2E000EADD5 /* TableViewCell.xib in Resources */,
				DD1C58581B16981D00188B28 /* LaunchScreen.xib in Resources */,
				DD1C58551B16981D00188B28 /* Images.xcassets in Resources */,
				DD7CBA381B599444003B718D /* TipoutView.xib in Resources */,
			);
			runOnlyForDeploymentPostprocessing = 0;
		};
		DD1C585B1B16981E00188B28 /* Resources */ = {
			isa = PBXResourcesBuildPhase;
			buildActionMask = 2147483647;
			files = (
			);
			runOnlyForDeploymentPostprocessing = 0;
		};
/* End PBXResourcesBuildPhase section */

/* Begin PBXShellScriptBuildPhase section */
		DD7CBA0F1B585174003B718D /* ShellScript */ = {
			isa = PBXShellScriptBuildPhase;
			buildActionMask = 2147483647;
			files = (
			);
			inputPaths = (
				"$(SRCROOT)/Carthage/Build/iOS/Tipout.framework",
				"$(SRCROOT)/Carthage/Build/iOS/ReactiveCocoa.framework",
			);
			outputPaths = (
			);
			runOnlyForDeploymentPostprocessing = 0;
			shellPath = /bin/sh;
			shellScript = "/usr/local/bin/carthage copy-frameworks";
		};
/* End PBXShellScriptBuildPhase section */

/* Begin PBXSourcesBuildPhase section */
		DD1C58441B16981D00188B28 /* Sources */ = {
			isa = PBXSourcesBuildPhase;
			buildActionMask = 2147483647;
			files = (
				DDC16F9A1BB0C29000AC9583 /* TableViewCell.swift in Sources */,
				DD80142B1B16A15F007A673F /* RACObserve.swift in Sources */,
				DD90A9961B605F0C00EE0BB6 /* TipoutView+RAC.swift in Sources */,
				DDDAE7461B6BDE0B008D2140 /* WorkerTableViewController.swift in Sources */,
				DD1C58501B16981D00188B28 /* ViewController.swift in Sources */,
				DD80142C1B16A15F007A673F /* RACSignal+Extensions.swift in Sources */,
				DD1C586E1B16995000188B28 /* TipoutViewModel.swift in Sources */,
				DD6CB2F71B5C45040097BB76 /* TipoutView.swift in Sources */,
				DD67BD6C1B6861E4000EADD5 /* WorkerViewModel.swift in Sources */,
				DD80142A1B16A15F007A673F /* RAC.swift in Sources */,
				DD80142D1B16A15F007A673F /* TableViewBindingHelper.swift in Sources */,
				DD1C584E1B16981D00188B28 /* AppDelegate.swift in Sources */,
				DD54AA771BB0DB3300AFFA68 /* ViewModelable.swift in Sources */,
				DDECA8EF1BA614D400D45446 /* Helpers.swift in Sources */,
				DDE21BB61B4E15BE002D5859 /* Controller.swift in Sources */,
			);
			runOnlyForDeploymentPostprocessing = 0;
		};
		DD1C58591B16981E00188B28 /* Sources */ = {
			isa = PBXSourcesBuildPhase;
			buildActionMask = 2147483647;
			files = (
				DD1C58641B16981E00188B28 /* TippyTests.swift in Sources */,
			);
			runOnlyForDeploymentPostprocessing = 0;
		};
/* End PBXSourcesBuildPhase section */

/* Begin PBXTargetDependency section */
		DD1C585F1B16981E00188B28 /* PBXTargetDependency */ = {
			isa = PBXTargetDependency;
			target = DD1C58471B16981D00188B28 /* Tippy */;
			targetProxy = DD1C585E1B16981E00188B28 /* PBXContainerItemProxy */;
		};
/* End PBXTargetDependency section */

/* Begin PBXVariantGroup section */
		DD1C58511B16981D00188B28 /* Main.storyboard */ = {
			isa = PBXVariantGroup;
			children = (
				DD1C58521B16981D00188B28 /* Base */,
			);
			name = Main.storyboard;
			sourceTree = "<group>";
		};
		DD1C58561B16981D00188B28 /* LaunchScreen.xib */ = {
			isa = PBXVariantGroup;
			children = (
				DD1C58571B16981D00188B28 /* Base */,
			);
			name = LaunchScreen.xib;
			sourceTree = "<group>";
		};
/* End PBXVariantGroup section */

/* Begin XCBuildConfiguration section */
		DD1C58651B16981E00188B28 /* Debug */ = {
			isa = XCBuildConfiguration;
			buildSettings = {
				ALWAYS_SEARCH_USER_PATHS = NO;
				CLANG_CXX_LANGUAGE_STANDARD = "gnu++0x";
				CLANG_CXX_LIBRARY = "libc++";
				CLANG_ENABLE_MODULES = YES;
				CLANG_ENABLE_OBJC_ARC = YES;
				CLANG_WARN_BOOL_CONVERSION = YES;
				CLANG_WARN_CONSTANT_CONVERSION = YES;
				CLANG_WARN_DIRECT_OBJC_ISA_USAGE = YES_ERROR;
				CLANG_WARN_EMPTY_BODY = YES;
				CLANG_WARN_ENUM_CONVERSION = YES;
				CLANG_WARN_INT_CONVERSION = YES;
				CLANG_WARN_OBJC_ROOT_CLASS = YES_ERROR;
				CLANG_WARN_UNREACHABLE_CODE = YES;
				CLANG_WARN__DUPLICATE_METHOD_MATCH = YES;
				"CODE_SIGN_IDENTITY[sdk=iphoneos*]" = "iPhone Developer";
				COPY_PHASE_STRIP = NO;
				DEBUG_INFORMATION_FORMAT = "dwarf-with-dsym";
				DEFINES_MODULE = YES;
				ENABLE_STRICT_OBJC_MSGSEND = YES;
				ENABLE_TESTABILITY = YES;
				GCC_C_LANGUAGE_STANDARD = gnu99;
				GCC_DYNAMIC_NO_PIC = NO;
				GCC_NO_COMMON_BLOCKS = YES;
				GCC_OPTIMIZATION_LEVEL = 0;
				GCC_PREPROCESSOR_DEFINITIONS = (
					"DEBUG=1",
					"$(inherited)",
				);
				GCC_SYMBOLS_PRIVATE_EXTERN = NO;
				GCC_WARN_64_TO_32_BIT_CONVERSION = YES;
				GCC_WARN_ABOUT_RETURN_TYPE = YES_ERROR;
				GCC_WARN_UNDECLARED_SELECTOR = YES;
				GCC_WARN_UNINITIALIZED_AUTOS = YES_AGGRESSIVE;
				GCC_WARN_UNUSED_FUNCTION = YES;
				GCC_WARN_UNUSED_VARIABLE = YES;
				IPHONEOS_DEPLOYMENT_TARGET = 8.1;
				MTL_ENABLE_DEBUG_INFO = YES;
				ONLY_ACTIVE_ARCH = YES;
				PROVISIONING_PROFILE = "";
				SDKROOT = iphoneos;
				SWIFT_OPTIMIZATION_LEVEL = "-Onone";
			};
			name = Debug;
		};
		DD1C58661B16981E00188B28 /* Release */ = {
			isa = XCBuildConfiguration;
			buildSettings = {
				ALWAYS_SEARCH_USER_PATHS = NO;
				CLANG_CXX_LANGUAGE_STANDARD = "gnu++0x";
				CLANG_CXX_LIBRARY = "libc++";
				CLANG_ENABLE_MODULES = YES;
				CLANG_ENABLE_OBJC_ARC = YES;
				CLANG_WARN_BOOL_CONVERSION = YES;
				CLANG_WARN_CONSTANT_CONVERSION = YES;
				CLANG_WARN_DIRECT_OBJC_ISA_USAGE = YES_ERROR;
				CLANG_WARN_EMPTY_BODY = YES;
				CLANG_WARN_ENUM_CONVERSION = YES;
				CLANG_WARN_INT_CONVERSION = YES;
				CLANG_WARN_OBJC_ROOT_CLASS = YES_ERROR;
				CLANG_WARN_UNREACHABLE_CODE = YES;
				CLANG_WARN__DUPLICATE_METHOD_MATCH = YES;
				"CODE_SIGN_IDENTITY[sdk=iphoneos*]" = "iPhone Developer";
				COPY_PHASE_STRIP = NO;
				DEBUG_INFORMATION_FORMAT = "dwarf-with-dsym";
				DEFINES_MODULE = YES;
				ENABLE_NS_ASSERTIONS = NO;
				ENABLE_STRICT_OBJC_MSGSEND = YES;
				GCC_C_LANGUAGE_STANDARD = gnu99;
				GCC_NO_COMMON_BLOCKS = YES;
				GCC_WARN_64_TO_32_BIT_CONVERSION = YES;
				GCC_WARN_ABOUT_RETURN_TYPE = YES_ERROR;
				GCC_WARN_UNDECLARED_SELECTOR = YES;
				GCC_WARN_UNINITIALIZED_AUTOS = YES_AGGRESSIVE;
				GCC_WARN_UNUSED_FUNCTION = YES;
				GCC_WARN_UNUSED_VARIABLE = YES;
				IPHONEOS_DEPLOYMENT_TARGET = 8.1;
				MTL_ENABLE_DEBUG_INFO = NO;
				PROVISIONING_PROFILE = "";
				SDKROOT = iphoneos;
				SWIFT_OPTIMIZATION_LEVEL = "-Owholemodule";
				VALIDATE_PRODUCT = YES;
			};
			name = Release;
		};
		DD1C58681B16981E00188B28 /* Debug */ = {
			isa = XCBuildConfiguration;
			buildSettings = {
				ASSETCATALOG_COMPILER_APPICON_NAME = AppIcon;
				CODE_SIGN_IDENTITY = "iPhone Developer";
				"CODE_SIGN_IDENTITY[sdk=iphoneos*]" = "iPhone Developer";
				FRAMEWORK_SEARCH_PATHS = (
					"$(inherited)",
					"$(PROJECT_DIR)/Carthage/Build/iOS",
				);
				INFOPLIST_FILE = Tippy/Info.plist;
				LD_RUNPATH_SEARCH_PATHS = "$(inherited) @executable_path/Frameworks";
				PRODUCT_BUNDLE_IDENTIFIER = "com.toastersocks.$(PRODUCT_NAME:rfc1034identifier)";
				PRODUCT_NAME = "$(TARGET_NAME)";
				PROVISIONING_PROFILE = "";
				SWIFT_OBJC_BRIDGING_HEADER = bridgingHeader.h;
				SWIFT_OPTIMIZATION_LEVEL = "-Onone";
			};
			name = Debug;
		};
		DD1C58691B16981E00188B28 /* Release */ = {
			isa = XCBuildConfiguration;
			buildSettings = {
				ASSETCATALOG_COMPILER_APPICON_NAME = AppIcon;
				CODE_SIGN_IDENTITY = "iPhone Developer";
				"CODE_SIGN_IDENTITY[sdk=iphoneos*]" = "iPhone Developer";
				FRAMEWORK_SEARCH_PATHS = (
					"$(inherited)",
					"$(PROJECT_DIR)/Carthage/Build/iOS",
				);
				INFOPLIST_FILE = Tippy/Info.plist;
				LD_RUNPATH_SEARCH_PATHS = "$(inherited) @executable_path/Frameworks";
				PRODUCT_BUNDLE_IDENTIFIER = "com.toastersocks.$(PRODUCT_NAME:rfc1034identifier)";
				PRODUCT_NAME = "$(TARGET_NAME)";
				PROVISIONING_PROFILE = "";
				SWIFT_OBJC_BRIDGING_HEADER = bridgingHeader.h;
			};
			name = Release;
		};
		DD1C586B1B16981E00188B28 /* Debug */ = {
			isa = XCBuildConfiguration;
			buildSettings = {
				BUNDLE_LOADER = "$(TEST_HOST)";
				FRAMEWORK_SEARCH_PATHS = (
					"$(SDKROOT)/Developer/Library/Frameworks",
					"$(inherited)",
				);
				GCC_PREPROCESSOR_DEFINITIONS = (
					"DEBUG=1",
					"$(inherited)",
				);
				INFOPLIST_FILE = TippyTests/Info.plist;
				LD_RUNPATH_SEARCH_PATHS = "$(inherited) @executable_path/Frameworks @loader_path/Frameworks";
				PRODUCT_BUNDLE_IDENTIFIER = "com.toastersocks.$(PRODUCT_NAME:rfc1034identifier)";
				PRODUCT_NAME = "$(TARGET_NAME)";
				TEST_HOST = "$(BUILT_PRODUCTS_DIR)/Tippy.app/Tippy";
			};
			name = Debug;
		};
		DD1C586C1B16981E00188B28 /* Release */ = {
			isa = XCBuildConfiguration;
			buildSettings = {
				BUNDLE_LOADER = "$(TEST_HOST)";
				FRAMEWORK_SEARCH_PATHS = (
					"$(SDKROOT)/Developer/Library/Frameworks",
					"$(inherited)",
				);
				INFOPLIST_FILE = TippyTests/Info.plist;
				LD_RUNPATH_SEARCH_PATHS = "$(inherited) @executable_path/Frameworks @loader_path/Frameworks";
				PRODUCT_BUNDLE_IDENTIFIER = "com.toastersocks.$(PRODUCT_NAME:rfc1034identifier)";
				PRODUCT_NAME = "$(TARGET_NAME)";
				TEST_HOST = "$(BUILT_PRODUCTS_DIR)/Tippy.app/Tippy";
			};
			name = Release;
		};
/* End XCBuildConfiguration section */

/* Begin XCConfigurationList section */
		DD1C58431B16981D00188B28 /* Build configuration list for PBXProject "Tippy" */ = {
			isa = XCConfigurationList;
			buildConfigurations = (
				DD1C58651B16981E00188B28 /* Debug */,
				DD1C58661B16981E00188B28 /* Release */,
			);
			defaultConfigurationIsVisible = 0;
			defaultConfigurationName = Release;
		};
		DD1C58671B16981E00188B28 /* Build configuration list for PBXNativeTarget "Tippy" */ = {
			isa = XCConfigurationList;
			buildConfigurations = (
				DD1C58681B16981E00188B28 /* Debug */,
				DD1C58691B16981E00188B28 /* Release */,
			);
			defaultConfigurationIsVisible = 0;
			defaultConfigurationName = Release;
		};
		DD1C586A1B16981E00188B28 /* Build configuration list for PBXNativeTarget "TippyTests" */ = {
			isa = XCConfigurationList;
			buildConfigurations = (
				DD1C586B1B16981E00188B28 /* Debug */,
				DD1C586C1B16981E00188B28 /* Release */,
			);
			defaultConfigurationIsVisible = 0;
			defaultConfigurationName = Release;
		};
/* End XCConfigurationList section */
	};
	rootObject = DD1C58401B16981D00188B28 /* Project object */;
}
